
Microsoft Visual Studio Solution File, Format Version 12.00
# Visual Studio Version 17
VisualStudioVersion = 17.1.32210.238
MinimumVisualStudioVersion = 10.0.40219.1
Project("{9A19103F-16F7-4668-BE54-9A1E7A4F7556}") = "PRESENTATION_LAYER", "PRESENTATION_LAYER\PRESENTATION_LAYER.csproj", "{3F8A9329-B22E-483C-8F02-2BEA4E2E35B0}"
EndProject
Project("{9A19103F-16F7-4668-BE54-9A1E7A4F7556}") = "PRESENTATION_LAYER_TESTS", "PRESENTATION_LAYER_TESTS\PRESENTATION_LAYER_TESTS.csproj", "{A2CEC8E9-CA4A-4A0A-91AE-4599DCDC0AA6}"
EndProject
Project("{9A19103F-16F7-4668-BE54-9A1E7A4F7556}") = "DATA_LAYER", "DATA_LAYER\DATA_LAYER.csproj", "{D40737F8-4276-4524-A175-5DD56B33541D}"
EndProject
Project("{9A19103F-16F7-4668-BE54-9A1E7A4F7556}") = "BUSINESS_LOGIC_LAYER", "BUSINESS_LOGIC_LAYER\BUSINESS_LOGIC_LAYER.csproj", "{F7EC45C0-F4F3-49C4-B3D6-E24120052CAB}"
EndProject
Project("{9A19103F-16F7-4668-BE54-9A1E7A4F7556}") = "BUSINESS_LOGIC_LAYER_TESTS", "BUSINESS_LOGIC_LAYER_TESTS\BUSINESS_LOGIC_LAYER_TESTS.csproj", "{1C2D5F86-41C2-43FB-86C6-F7ACE8E18273}"
EndProject
Project("{2150E333-8FDC-42A3-9474-1A3956D46DE8}") = "PRESENTATION", "PRESENTATION", "{614EE2C4-34E5-4333-8D51-BEB66DEC67EA}"
EndProject
Project("{FAE04EC0-301F-11D3-BF4B-00C04F79EFBC}") = "Model", "Model\Model.csproj", "{B888B09E-3888-45B5-89CB-1BB067A97B0A}"
EndProject
Project("{FAE04EC0-301F-11D3-BF4B-00C04F79EFBC}") = "View", "View\View.csproj", "{8BBA868D-0824-469E-AA18-ABC93DA101CF}"
EndProject
Project("{FAE04EC0-301F-11D3-BF4B-00C04F79EFBC}") = "ViewModel", "ViewModel\ViewModel.csproj", "{29383DF3-DFD0-4DCF-86B8-7A1272D1AAAE}"
EndProject
Global
	GlobalSection(SolutionConfigurationPlatforms) = preSolution
		Debug|Any CPU = Debug|Any CPU
		Release|Any CPU = Release|Any CPU
	EndGlobalSection
	GlobalSection(ProjectConfigurationPlatforms) = postSolution
		{3F8A9329-B22E-483C-8F02-2BEA4E2E35B0}.Debug|Any CPU.ActiveCfg = Debug|Any CPU
		{3F8A9329-B22E-483C-8F02-2BEA4E2E35B0}.Debug|Any CPU.Build.0 = Debug|Any CPU
		{3F8A9329-B22E-483C-8F02-2BEA4E2E35B0}.Release|Any CPU.ActiveCfg = Release|Any CPU
		{3F8A9329-B22E-483C-8F02-2BEA4E2E35B0}.Release|Any CPU.Build.0 = Release|Any CPU
		{A2CEC8E9-CA4A-4A0A-91AE-4599DCDC0AA6}.Debug|Any CPU.ActiveCfg = Debug|Any CPU
		{A2CEC8E9-CA4A-4A0A-91AE-4599DCDC0AA6}.Debug|Any CPU.Build.0 = Debug|Any CPU
		{A2CEC8E9-CA4A-4A0A-91AE-4599DCDC0AA6}.Release|Any CPU.ActiveCfg = Release|Any CPU
		{A2CEC8E9-CA4A-4A0A-91AE-4599DCDC0AA6}.Release|Any CPU.Build.0 = Release|Any CPU
		{D40737F8-4276-4524-A175-5DD56B33541D}.Debug|Any CPU.ActiveCfg = Debug|Any CPU
		{D40737F8-4276-4524-A175-5DD56B33541D}.Debug|Any CPU.Build.0 = Debug|Any CPU
		{D40737F8-4276-4524-A175-5DD56B33541D}.Release|Any CPU.ActiveCfg = Release|Any CPU
		{D40737F8-4276-4524-A175-5DD56B33541D}.Release|Any CPU.Build.0 = Release|Any CPU
		{F7EC45C0-F4F3-49C4-B3D6-E24120052CAB}.Debug|Any CPU.ActiveCfg = Debug|Any CPU
		{F7EC45C0-F4F3-49C4-B3D6-E24120052CAB}.Debug|Any CPU.Build.0 = Debug|Any CPU
		{F7EC45C0-F4F3-49C4-B3D6-E24120052CAB}.Release|Any CPU.ActiveCfg = Release|Any CPU
		{F7EC45C0-F4F3-49C4-B3D6-E24120052CAB}.Release|Any CPU.Build.0 = Release|Any CPU
		{1C2D5F86-41C2-43FB-86C6-F7ACE8E18273}.Debug|Any CPU.ActiveCfg = Debug|Any CPU
		{1C2D5F86-41C2-43FB-86C6-F7ACE8E18273}.Debug|Any CPU.Build.0 = Debug|Any CPU
		{1C2D5F86-41C2-43FB-86C6-F7ACE8E18273}.Release|Any CPU.ActiveCfg = Release|Any CPU
		{1C2D5F86-41C2-43FB-86C6-F7ACE8E18273}.Release|Any CPU.Build.0 = Release|Any CPU
		{B888B09E-3888-45B5-89CB-1BB067A97B0A}.Debug|Any CPU.ActiveCfg = Debug|Any CPU
		{B888B09E-3888-45B5-89CB-1BB067A97B0A}.Debug|Any CPU.Build.0 = Debug|Any CPU
		{B888B09E-3888-45B5-89CB-1BB067A97B0A}.Release|Any CPU.ActiveCfg = Release|Any CPU
		{B888B09E-3888-45B5-89CB-1BB067A97B0A}.Release|Any CPU.Build.0 = Release|Any CPU
		{8BBA868D-0824-469E-AA18-ABC93DA101CF}.Debug|Any CPU.ActiveCfg = Debug|Any CPU
		{8BBA868D-0824-469E-AA18-ABC93DA101CF}.Debug|Any CPU.Build.0 = Debug|Any CPU
		{8BBA868D-0824-469E-AA18-ABC93DA101CF}.Release|Any CPU.ActiveCfg = Release|Any CPU
		{8BBA868D-0824-469E-AA18-ABC93DA101CF}.Release|Any CPU.Build.0 = Release|Any CPU
		{29383DF3-DFD0-4DCF-86B8-7A1272D1AAAE}.Debug|Any CPU.ActiveCfg = Debug|Any CPU
		{29383DF3-DFD0-4DCF-86B8-7A1272D1AAAE}.Debug|Any CPU.Build.0 = Debug|Any CPU
		{29383DF3-DFD0-4DCF-86B8-7A1272D1AAAE}.Release|Any CPU.ActiveCfg = Release|Any CPU
		{29383DF3-DFD0-4DCF-86B8-7A1272D1AAAE}.Release|Any CPU.Build.0 = Release|Any CPU
	EndGlobalSection
	GlobalSection(SolutionProperties) = preSolution
		HideSolutionNode = FALSE
	EndGlobalSection
	GlobalSection(NestedProjects) = preSolution
		{B888B09E-3888-45B5-89CB-1BB067A97B0A} = {614EE2C4-34E5-4333-8D51-BEB66DEC67EA}
		{8BBA868D-0824-469E-AA18-ABC93DA101CF} = {614EE2C4-34E5-4333-8D51-BEB66DEC67EA}
		{29383DF3-DFD0-4DCF-86B8-7A1272D1AAAE} = {614EE2C4-34E5-4333-8D51-BEB66DEC67EA}
	EndGlobalSection
	GlobalSection(ExtensibilityGlobals) = postSolution
		SolutionGuid = {6441D38A-D74C-4857-B790-669C392651F4}
	EndGlobalSection
EndGlobal
